
Microsoft Visual Studio Solution File, Format Version 12.00
# Visual Studio Version 16
VisualStudioVersion = 16.0.31702.278
MinimumVisualStudioVersion = 10.0.40219.1
Project("{FAE04EC0-301F-11D3-BF4B-00C04F79EFBC}") = "Lab2Work8", "Lab2Work8\Lab2Work8.csproj", "{8353EB09-7761-41D8-BBE0-97081B938770}"
EndProject
Global
	GlobalSection(SolutionConfigurationPlatforms) = preSolution
		Debug|Any CPU = Debug|Any CPU
		Release|Any CPU = Release|Any CPU
	EndGlobalSection
	GlobalSection(ProjectConfigurationPlatforms) = postSolution
		{8353EB09-7761-41D8-BBE0-97081B938770}.Debug|Any CPU.ActiveCfg = Debug|Any CPU
		{8353EB09-7761-41D8-BBE0-97081B938770}.Debug|Any CPU.Build.0 = Debug|Any CPU
		{8353EB09-7761-41D8-BBE0-97081B938770}.Release|Any CPU.ActiveCfg = Release|Any CPU
		{8353EB09-7761-41D8-BBE0-97081B938770}.Release|Any CPU.Build.0 = Release|Any CPU
	EndGlobalSection
	GlobalSection(SolutionProperties) = preSolution
		HideSolutionNode = FALSE
	EndGlobalSection
	GlobalSection(ExtensibilityGlobals) = postSolution
		SolutionGuid = {FB632627-1A06-4F1C-AA49-2E38230C9401}
	EndGlobalSection
EndGlobal
